// !$*UTF8*$!
{
	archiveVersion = 1;
	classes = {
	};
	objectVersion = 46;
	objects = {

/* Begin PBXBuildFile section */
		4707A859165560CC0093FE87 /* Problem1.m in Sources */ = {isa = PBXBuildFile; fileRef = 4707A858165560CC0093FE87 /* Problem1.m */; };
		4707A85D165561800093FE87 /* NSArray_ext.m in Sources */ = {isa = PBXBuildFile; fileRef = 4707A85C165561800093FE87 /* NSArray_ext.m */; };
		4707A86016560F220093FE87 /* Problem2.m in Sources */ = {isa = PBXBuildFile; fileRef = 4707A85F16560F220093FE87 /* Problem2.m */; };
		4713EF1C16646DD7006D4A4D /* Problem13.m in Sources */ = {isa = PBXBuildFile; fileRef = 4713EF1B16646DD7006D4A4D /* Problem13.m */; };
		4713EF1D16646DD7006D4A4D /* Problem13.m in Sources */ = {isa = PBXBuildFile; fileRef = 4713EF1B16646DD7006D4A4D /* Problem13.m */; };
		4713EF1E16646DD7006D4A4D /* Problem13.m in Sources */ = {isa = PBXBuildFile; fileRef = 4713EF1B16646DD7006D4A4D /* Problem13.m */; };
		4713EF2416646E82006D4A4D /* BigNumberTest.m in Sources */ = {isa = PBXBuildFile; fileRef = 4713EF2116646E82006D4A4D /* BigNumberTest.m */; };
		47224ADF164F63E300A0C348 /* LinkedList.m in Sources */ = {isa = PBXBuildFile; fileRef = 47224ADE164F63E300A0C348 /* LinkedList.m */; };
		4754253B165F6E310043D826 /* Problem9.m in Sources */ = {isa = PBXBuildFile; fileRef = 4754253A165F6E310043D826 /* Problem9.m */; };
		4759FE151660A6D60030C1AE /* Problem10.m in Sources */ = {isa = PBXBuildFile; fileRef = 4759FE141660A6D60030C1AE /* Problem10.m */; };
		4759FE2D1660B7C00030C1AE /* EULogger.m in Sources */ = {isa = PBXBuildFile; fileRef = 4759FE2C1660B7C00030C1AE /* EULogger.m */; };
		4759FE351660C05F0030C1AE /* Cocoa.framework in Frameworks */ = {isa = PBXBuildFile; fileRef = 4759FE341660C05F0030C1AE /* Cocoa.framework */; };
		4759FE3F1660C05F0030C1AE /* InfoPlist.strings in Resources */ = {isa = PBXBuildFile; fileRef = 4759FE3D1660C05F0030C1AE /* InfoPlist.strings */; };
		4759FE411660C05F0030C1AE /* main.m in Sources */ = {isa = PBXBuildFile; fileRef = 4759FE401660C05F0030C1AE /* main.m */; };
		4759FE451660C05F0030C1AE /* Credits.rtf in Resources */ = {isa = PBXBuildFile; fileRef = 4759FE431660C05F0030C1AE /* Credits.rtf */; };
		4759FE481660C05F0030C1AE /* AppDelegate.m in Sources */ = {isa = PBXBuildFile; fileRef = 4759FE471660C05F0030C1AE /* AppDelegate.m */; };
		4759FE4B1660C0600030C1AE /* MainMenu.xib in Resources */ = {isa = PBXBuildFile; fileRef = 4759FE491660C0600030C1AE /* MainMenu.xib */; };
		4759FE7C1660C66A0030C1AE /* EULogger.m in Sources */ = {isa = PBXBuildFile; fileRef = 4759FE2C1660B7C00030C1AE /* EULogger.m */; };
		4759FE7D1660C6810030C1AE /* Problem1.m in Sources */ = {isa = PBXBuildFile; fileRef = 4707A858165560CC0093FE87 /* Problem1.m */; };
		4759FE7E1660C6810030C1AE /* Problem2.m in Sources */ = {isa = PBXBuildFile; fileRef = 4707A85F16560F220093FE87 /* Problem2.m */; };
		4759FE7F1660C6810030C1AE /* Problem3.m in Sources */ = {isa = PBXBuildFile; fileRef = 47CC745A165DF6580095DC2D /* Problem3.m */; };
		4759FE801660C6810030C1AE /* Problem4.m in Sources */ = {isa = PBXBuildFile; fileRef = 477F423A1658DEBA0087F733 /* Problem4.m */; };
		4759FE811660C6810030C1AE /* Problem5.m in Sources */ = {isa = PBXBuildFile; fileRef = 47BA7093165CCB230086636D /* Problem5.m */; };
		4759FE821660C6810030C1AE /* Problem6.m in Sources */ = {isa = PBXBuildFile; fileRef = 47CC7456165DF23A0095DC2D /* Problem6.m */; };
		4759FE831660C6810030C1AE /* Problem7.m in Sources */ = {isa = PBXBuildFile; fileRef = 47E1156F165E81A700D292AD /* Problem7.m */; };
		4759FE841660C6810030C1AE /* Problem8.m in Sources */ = {isa = PBXBuildFile; fileRef = 47E11576165E906800D292AD /* Problem8.m */; };
		4759FE851660C6810030C1AE /* Problem9.m in Sources */ = {isa = PBXBuildFile; fileRef = 4754253A165F6E310043D826 /* Problem9.m */; };
		4759FE861660C6810030C1AE /* Problem10.m in Sources */ = {isa = PBXBuildFile; fileRef = 4759FE141660A6D60030C1AE /* Problem10.m */; };
		4759FE871660C6840030C1AE /* EUProblem.m in Sources */ = {isa = PBXBuildFile; fileRef = 479860CB16535E1D00DD5E11 /* EUProblem.m */; };
		4759FE881660C6870030C1AE /* Problem16.m in Sources */ = {isa = PBXBuildFile; fileRef = 4798612A1654BAAA00DD5E11 /* Problem16.m */; };
		4759FE891660C6870030C1AE /* Problem20.m in Sources */ = {isa = PBXBuildFile; fileRef = 479860CF16535E3600DD5E11 /* Problem20.m */; };
		4759FE8A1660C68C0030C1AE /* LinkedList.m in Sources */ = {isa = PBXBuildFile; fileRef = 47224ADE164F63E300A0C348 /* LinkedList.m */; };
		4759FE8B1660C68C0030C1AE /* BigNumber.m in Sources */ = {isa = PBXBuildFile; fileRef = 4798612E1654BB1B00DD5E11 /* BigNumber.m */; };
		4759FE8C1660C68C0030C1AE /* NSArray_ext.m in Sources */ = {isa = PBXBuildFile; fileRef = 4707A85C165561800093FE87 /* NSArray_ext.m */; };
		4759FE8D1660C68C0030C1AE /* EUSieve.m in Sources */ = {isa = PBXBuildFile; fileRef = 47E11573165E8EA800D292AD /* EUSieve.m */; };
		4774DF321662048B00F2BCFA /* Problem11.m in Sources */ = {isa = PBXBuildFile; fileRef = 4774DF311662048B00F2BCFA /* Problem11.m */; };
		4774DF34166205A600F2BCFA /* Problem11.m in Sources */ = {isa = PBXBuildFile; fileRef = 4774DF311662048B00F2BCFA /* Problem11.m */; };
		477F423B1658DEBA0087F733 /* Problem4.m in Sources */ = {isa = PBXBuildFile; fileRef = 477F423A1658DEBA0087F733 /* Problem4.m */; };
		479860CC16535E1D00DD5E11 /* EUProblem.m in Sources */ = {isa = PBXBuildFile; fileRef = 479860CB16535E1D00DD5E11 /* EUProblem.m */; };
		479860D016535E3600DD5E11 /* Problem20.m in Sources */ = {isa = PBXBuildFile; fileRef = 479860CF16535E3600DD5E11 /* Problem20.m */; };
		4798612B1654BAAA00DD5E11 /* Problem16.m in Sources */ = {isa = PBXBuildFile; fileRef = 4798612A1654BAAA00DD5E11 /* Problem16.m */; };
		4798612F1654BB1B00DD5E11 /* BigNumber.m in Sources */ = {isa = PBXBuildFile; fileRef = 4798612E1654BB1B00DD5E11 /* BigNumber.m */; };
		47B1919816633E0D0094B8EC /* Problem12.m in Sources */ = {isa = PBXBuildFile; fileRef = 47B1919716633E0D0094B8EC /* Problem12.m */; };
		47B1919A16633E140094B8EC /* Problem12.m in Sources */ = {isa = PBXBuildFile; fileRef = 47B1919716633E0D0094B8EC /* Problem12.m */; };
		47B19253166348A50094B8EC /* SenTestingKit.framework in Frameworks */ = {isa = PBXBuildFile; fileRef = 47B19234166345A30094B8EC /* SenTestingKit.framework */; };
		47B19254166348A50094B8EC /* Cocoa.framework in Frameworks */ = {isa = PBXBuildFile; fileRef = 4759FE341660C05F0030C1AE /* Cocoa.framework */; };
		47B1925A166348A50094B8EC /* InfoPlist.strings in Resources */ = {isa = PBXBuildFile; fileRef = 47B19258166348A50094B8EC /* InfoPlist.strings */; };
		47B1925D166348A50094B8EC /* UnitTests.m in Sources */ = {isa = PBXBuildFile; fileRef = 47B1925C166348A50094B8EC /* UnitTests.m */; };
		47B19262166349070094B8EC /* Problem1.m in Sources */ = {isa = PBXBuildFile; fileRef = 4707A858165560CC0093FE87 /* Problem1.m */; };
		47B19263166349070094B8EC /* Problem2.m in Sources */ = {isa = PBXBuildFile; fileRef = 4707A85F16560F220093FE87 /* Problem2.m */; };
		47B19264166349070094B8EC /* Problem3.m in Sources */ = {isa = PBXBuildFile; fileRef = 47CC745A165DF6580095DC2D /* Problem3.m */; };
		47B19265166349070094B8EC /* Problem4.m in Sources */ = {isa = PBXBuildFile; fileRef = 477F423A1658DEBA0087F733 /* Problem4.m */; };
		47B19266166349070094B8EC /* Problem5.m in Sources */ = {isa = PBXBuildFile; fileRef = 47BA7093165CCB230086636D /* Problem5.m */; };
		47B19267166349070094B8EC /* Problem6.m in Sources */ = {isa = PBXBuildFile; fileRef = 47CC7456165DF23A0095DC2D /* Problem6.m */; };
		47B19268166349070094B8EC /* Problem7.m in Sources */ = {isa = PBXBuildFile; fileRef = 47E1156F165E81A700D292AD /* Problem7.m */; };
		47B19269166349070094B8EC /* Problem8.m in Sources */ = {isa = PBXBuildFile; fileRef = 47E11576165E906800D292AD /* Problem8.m */; };
		47B1926A166349070094B8EC /* Problem9.m in Sources */ = {isa = PBXBuildFile; fileRef = 4754253A165F6E310043D826 /* Problem9.m */; };
		47B1926B166349070094B8EC /* Problem10.m in Sources */ = {isa = PBXBuildFile; fileRef = 4759FE141660A6D60030C1AE /* Problem10.m */; };
		47B1926C1663490A0094B8EC /* EUProblem.m in Sources */ = {isa = PBXBuildFile; fileRef = 479860CB16535E1D00DD5E11 /* EUProblem.m */; };
		47B1926D1663490D0094B8EC /* EULogger.m in Sources */ = {isa = PBXBuildFile; fileRef = 4759FE2C1660B7C00030C1AE /* EULogger.m */; };
		47B1926E166349100094B8EC /* Problem11.m in Sources */ = {isa = PBXBuildFile; fileRef = 4774DF311662048B00F2BCFA /* Problem11.m */; };
		47B1926F166349100094B8EC /* Problem12.m in Sources */ = {isa = PBXBuildFile; fileRef = 47B1919716633E0D0094B8EC /* Problem12.m */; };
		47B19270166349100094B8EC /* Problem16.m in Sources */ = {isa = PBXBuildFile; fileRef = 4798612A1654BAAA00DD5E11 /* Problem16.m */; };
		47B19271166349100094B8EC /* Problem20.m in Sources */ = {isa = PBXBuildFile; fileRef = 479860CF16535E3600DD5E11 /* Problem20.m */; };
		47B19272166349130094B8EC /* LinkedList.m in Sources */ = {isa = PBXBuildFile; fileRef = 47224ADE164F63E300A0C348 /* LinkedList.m */; };
		47B19273166349130094B8EC /* BigNumber.m in Sources */ = {isa = PBXBuildFile; fileRef = 4798612E1654BB1B00DD5E11 /* BigNumber.m */; };
		47B19274166349130094B8EC /* NSArray_ext.m in Sources */ = {isa = PBXBuildFile; fileRef = 4707A85C165561800093FE87 /* NSArray_ext.m */; };
		47B19275166349130094B8EC /* EUSieve.m in Sources */ = {isa = PBXBuildFile; fileRef = 47E11573165E8EA800D292AD /* EUSieve.m */; };
		47B19278166349530094B8EC /* Problem12Test.m in Sources */ = {isa = PBXBuildFile; fileRef = 47B19277166349530094B8EC /* Problem12Test.m */; };
		47BA2EDD1646A6CE004684BD /* Foundation.framework in Frameworks */ = {isa = PBXBuildFile; fileRef = 47BA2EDC1646A6CE004684BD /* Foundation.framework */; };
		47BA2EE01646A6CE004684BD /* main.m in Sources */ = {isa = PBXBuildFile; fileRef = 47BA2EDF1646A6CE004684BD /* main.m */; };
		47BA2EE41646A6CE004684BD /* GTest.1 in Copy Files */ = {isa = PBXBuildFile; fileRef = 47BA2EE31646A6CE004684BD /* GTest.1 */; };
		47BA7094165CCB230086636D /* Problem5.m in Sources */ = {isa = PBXBuildFile; fileRef = 47BA7093165CCB230086636D /* Problem5.m */; };
		47CC7457165DF23A0095DC2D /* Problem6.m in Sources */ = {isa = PBXBuildFile; fileRef = 47CC7456165DF23A0095DC2D /* Problem6.m */; };
		47CC745B165DF6580095DC2D /* Problem3.m in Sources */ = {isa = PBXBuildFile; fileRef = 47CC745A165DF6580095DC2D /* Problem3.m */; };
		47E11570165E81A700D292AD /* Problem7.m in Sources */ = {isa = PBXBuildFile; fileRef = 47E1156F165E81A700D292AD /* Problem7.m */; };
		47E11574165E8EA800D292AD /* EUSieve.m in Sources */ = {isa = PBXBuildFile; fileRef = 47E11573165E8EA800D292AD /* EUSieve.m */; };
		47E11577165E906800D292AD /* Problem8.m in Sources */ = {isa = PBXBuildFile; fileRef = 47E11576165E906800D292AD /* Problem8.m */; };
		47E529E81667414900A5CA6B /* Problem15.m in Sources */ = {isa = PBXBuildFile; fileRef = 47E529E71667414900A5CA6B /* Problem15.m */; };
		47E529E91667414900A5CA6B /* Problem15.m in Sources */ = {isa = PBXBuildFile; fileRef = 47E529E71667414900A5CA6B /* Problem15.m */; };
		47E529EA1667414900A5CA6B /* Problem15.m in Sources */ = {isa = PBXBuildFile; fileRef = 47E529E71667414900A5CA6B /* Problem15.m */; };
		47E529EE16675A6400A5CA6B /* Problem15Test.m in Sources */ = {isa = PBXBuildFile; fileRef = 47E529ED16675A6400A5CA6B /* Problem15Test.m */; };
		47E529F116675D5000A5CA6B /* Problem14.m in Sources */ = {isa = PBXBuildFile; fileRef = 47E529F016675D4F00A5CA6B /* Problem14.m */; };
		47E529F216675D5000A5CA6B /* Problem14.m in Sources */ = {isa = PBXBuildFile; fileRef = 47E529F016675D4F00A5CA6B /* Problem14.m */; };
		47E529F316675D5000A5CA6B /* Problem14.m in Sources */ = {isa = PBXBuildFile; fileRef = 47E529F016675D4F00A5CA6B /* Problem14.m */; };
		47E529F616675D7C00A5CA6B /* Problem14Test.m in Sources */ = {isa = PBXBuildFile; fileRef = 47E529F516675D7C00A5CA6B /* Problem14Test.m */; };
/* End PBXBuildFile section */

/* Begin PBXCopyFilesBuildPhase section */
		47BA2ED61646A6CE004684BD /* Copy Files */ = {
			isa = PBXCopyFilesBuildPhase;
			buildActionMask = 2147483647;
			dstPath = /usr/share/man/man1/;
			dstSubfolderSpec = 0;
			files = (
				47BA2EE41646A6CE004684BD /* GTest.1 in Copy Files */,
			);
			name = "Copy Files";
			runOnlyForDeploymentPostprocessing = 1;
		};
/* End PBXCopyFilesBuildPhase section */

/* Begin PBXFileReference section */
		4707A857165560CC0093FE87 /* Problem1.h */ = {isa = PBXFileReference; fileEncoding = 4; lastKnownFileType = sourcecode.c.h; name = Problem1.h; path = GTest/Problem1.h; sourceTree = "<group>"; };
		4707A858165560CC0093FE87 /* Problem1.m */ = {isa = PBXFileReference; fileEncoding = 4; lastKnownFileType = sourcecode.c.objc; name = Problem1.m; path = GTest/Problem1.m; sourceTree = "<group>"; };
		4707A85B165561800093FE87 /* NSArray_ext.h */ = {isa = PBXFileReference; fileEncoding = 4; lastKnownFileType = sourcecode.c.h; name = NSArray_ext.h; path = GTest/NSArray_ext.h; sourceTree = "<group>"; };
		4707A85C165561800093FE87 /* NSArray_ext.m */ = {isa = PBXFileReference; fileEncoding = 4; lastKnownFileType = sourcecode.c.objc; name = NSArray_ext.m; path = GTest/NSArray_ext.m; sourceTree = "<group>"; };
		4707A85E16560F220093FE87 /* Problem2.h */ = {isa = PBXFileReference; fileEncoding = 4; lastKnownFileType = sourcecode.c.h; name = Problem2.h; path = GTest/Problem2.h; sourceTree = "<group>"; };
		4707A85F16560F220093FE87 /* Problem2.m */ = {isa = PBXFileReference; fileEncoding = 4; lastKnownFileType = sourcecode.c.objc; name = Problem2.m; path = GTest/Problem2.m; sourceTree = "<group>"; };
		4707A861165617330093FE87 /* README.md */ = {isa = PBXFileReference; lastKnownFileType = text; path = README.md; sourceTree = "<group>"; };
		4707A862165619E40093FE87 /* appledeveloper.png */ = {isa = PBXFileReference; lastKnownFileType = image.png; path = appledeveloper.png; sourceTree = "<group>"; };
		4713EF1A16646DD7006D4A4D /* Problem13.h */ = {isa = PBXFileReference; fileEncoding = 4; lastKnownFileType = sourcecode.c.h; name = Problem13.h; path = GTest/Problem13.h; sourceTree = "<group>"; };
		4713EF1B16646DD7006D4A4D /* Problem13.m */ = {isa = PBXFileReference; fileEncoding = 4; lastKnownFileType = sourcecode.c.objc; name = Problem13.m; path = GTest/Problem13.m; sourceTree = "<group>"; };
		4713EF2016646E82006D4A4D /* BigNumberTest.h */ = {isa = PBXFileReference; fileEncoding = 4; lastKnownFileType = sourcecode.c.h; path = BigNumberTest.h; sourceTree = "<group>"; };
		4713EF2116646E82006D4A4D /* BigNumberTest.m */ = {isa = PBXFileReference; fileEncoding = 4; lastKnownFileType = sourcecode.c.objc; path = BigNumberTest.m; sourceTree = "<group>"; };
		47224ADD164F63E300A0C348 /* LinkedList.h */ = {isa = PBXFileReference; fileEncoding = 4; lastKnownFileType = sourcecode.c.h; name = LinkedList.h; path = GTest/LinkedList.h; sourceTree = "<group>"; };
		47224ADE164F63E300A0C348 /* LinkedList.m */ = {isa = PBXFileReference; fileEncoding = 4; lastKnownFileType = sourcecode.c.objc; name = LinkedList.m; path = GTest/LinkedList.m; sourceTree = "<group>"; };
		47542539165F6E310043D826 /* Problem9.h */ = {isa = PBXFileReference; fileEncoding = 4; lastKnownFileType = sourcecode.c.h; name = Problem9.h; path = GTest/Problem9.h; sourceTree = "<group>"; };
		4754253A165F6E310043D826 /* Problem9.m */ = {isa = PBXFileReference; fileEncoding = 4; lastKnownFileType = sourcecode.c.objc; name = Problem9.m; path = GTest/Problem9.m; sourceTree = "<group>"; };
		4759FE131660A6D60030C1AE /* Problem10.h */ = {isa = PBXFileReference; fileEncoding = 4; lastKnownFileType = sourcecode.c.h; name = Problem10.h; path = GTest/Problem10.h; sourceTree = "<group>"; };
		4759FE141660A6D60030C1AE /* Problem10.m */ = {isa = PBXFileReference; fileEncoding = 4; lastKnownFileType = sourcecode.c.objc; name = Problem10.m; path = GTest/Problem10.m; sourceTree = "<group>"; };
		4759FE2B1660B7C00030C1AE /* EULogger.h */ = {isa = PBXFileReference; fileEncoding = 4; lastKnownFileType = sourcecode.c.h; path = EULogger.h; sourceTree = "<group>"; };
		4759FE2C1660B7C00030C1AE /* EULogger.m */ = {isa = PBXFileReference; fileEncoding = 4; lastKnownFileType = sourcecode.c.objc; path = EULogger.m; sourceTree = "<group>"; };
		4759FE321660C05F0030C1AE /* GTest2.app */ = {isa = PBXFileReference; explicitFileType = wrapper.application; includeInIndex = 0; path = GTest2.app; sourceTree = BUILT_PRODUCTS_DIR; };
		4759FE341660C05F0030C1AE /* Cocoa.framework */ = {isa = PBXFileReference; lastKnownFileType = wrapper.framework; name = Cocoa.framework; path = System/Library/Frameworks/Cocoa.framework; sourceTree = SDKROOT; };
		4759FE371660C05F0030C1AE /* AppKit.framework */ = {isa = PBXFileReference; lastKnownFileType = wrapper.framework; name = AppKit.framework; path = System/Library/Frameworks/AppKit.framework; sourceTree = SDKROOT; };
		4759FE381660C05F0030C1AE /* CoreData.framework */ = {isa = PBXFileReference; lastKnownFileType = wrapper.framework; name = CoreData.framework; path = System/Library/Frameworks/CoreData.framework; sourceTree = SDKROOT; };
		4759FE391660C05F0030C1AE /* Foundation.framework */ = {isa = PBXFileReference; lastKnownFileType = wrapper.framework; name = Foundation.framework; path = System/Library/Frameworks/Foundation.framework; sourceTree = SDKROOT; };
		4759FE3C1660C05F0030C1AE /* GTest2-Info.plist */ = {isa = PBXFileReference; lastKnownFileType = text.plist.xml; path = "GTest2-Info.plist"; sourceTree = "<group>"; };
		4759FE3E1660C05F0030C1AE /* en */ = {isa = PBXFileReference; lastKnownFileType = text.plist.strings; name = en; path = en.lproj/InfoPlist.strings; sourceTree = "<group>"; };
		4759FE401660C05F0030C1AE /* main.m */ = {isa = PBXFileReference; lastKnownFileType = sourcecode.c.objc; path = main.m; sourceTree = "<group>"; };
		4759FE421660C05F0030C1AE /* GTest2-Prefix.pch */ = {isa = PBXFileReference; lastKnownFileType = sourcecode.c.h; path = "GTest2-Prefix.pch"; sourceTree = "<group>"; };
		4759FE441660C05F0030C1AE /* en */ = {isa = PBXFileReference; lastKnownFileType = text.rtf; name = en; path = en.lproj/Credits.rtf; sourceTree = "<group>"; };
		4759FE461660C05F0030C1AE /* AppDelegate.h */ = {isa = PBXFileReference; lastKnownFileType = sourcecode.c.h; path = AppDelegate.h; sourceTree = "<group>"; };
		4759FE471660C05F0030C1AE /* AppDelegate.m */ = {isa = PBXFileReference; lastKnownFileType = sourcecode.c.objc; path = AppDelegate.m; sourceTree = "<group>"; };
		4759FE4A1660C0600030C1AE /* en */ = {isa = PBXFileReference; lastKnownFileType = file.xib; name = en; path = en.lproj/MainMenu.xib; sourceTree = "<group>"; };
		4774DF301662048B00F2BCFA /* Problem11.h */ = {isa = PBXFileReference; fileEncoding = 4; lastKnownFileType = sourcecode.c.h; name = Problem11.h; path = GTest/Problem11.h; sourceTree = "<group>"; };
		4774DF311662048B00F2BCFA /* Problem11.m */ = {isa = PBXFileReference; fileEncoding = 4; lastKnownFileType = sourcecode.c.objc; name = Problem11.m; path = GTest/Problem11.m; sourceTree = "<group>"; };
		477F42391658DEBA0087F733 /* Problem4.h */ = {isa = PBXFileReference; fileEncoding = 4; lastKnownFileType = sourcecode.c.h; name = Problem4.h; path = GTest/Problem4.h; sourceTree = "<group>"; };
		477F423A1658DEBA0087F733 /* Problem4.m */ = {isa = PBXFileReference; fileEncoding = 4; lastKnownFileType = sourcecode.c.objc; name = Problem4.m; path = GTest/Problem4.m; sourceTree = "<group>"; };
		479860CA16535E1D00DD5E11 /* EUProblem.h */ = {isa = PBXFileReference; fileEncoding = 4; lastKnownFileType = sourcecode.c.h; name = EUProblem.h; path = GTest/EUProblem.h; sourceTree = "<group>"; };
		479860CB16535E1D00DD5E11 /* EUProblem.m */ = {isa = PBXFileReference; fileEncoding = 4; lastKnownFileType = sourcecode.c.objc; name = EUProblem.m; path = GTest/EUProblem.m; sourceTree = "<group>"; };
		479860CE16535E3600DD5E11 /* Problem20.h */ = {isa = PBXFileReference; fileEncoding = 4; lastKnownFileType = sourcecode.c.h; name = Problem20.h; path = GTest/Problem20.h; sourceTree = "<group>"; };
		479860CF16535E3600DD5E11 /* Problem20.m */ = {isa = PBXFileReference; fileEncoding = 4; lastKnownFileType = sourcecode.c.objc; name = Problem20.m; path = GTest/Problem20.m; sourceTree = "<group>"; };
		479861291654BAAA00DD5E11 /* Problem16.h */ = {isa = PBXFileReference; fileEncoding = 4; lastKnownFileType = sourcecode.c.h; name = Problem16.h; path = GTest/Problem16.h; sourceTree = "<group>"; };
		4798612A1654BAAA00DD5E11 /* Problem16.m */ = {isa = PBXFileReference; fileEncoding = 4; lastKnownFileType = sourcecode.c.objc; name = Problem16.m; path = GTest/Problem16.m; sourceTree = "<group>"; };
		4798612D1654BB1B00DD5E11 /* BigNumber.h */ = {isa = PBXFileReference; fileEncoding = 4; lastKnownFileType = sourcecode.c.h; name = BigNumber.h; path = GTest/BigNumber.h; sourceTree = "<group>"; };
		4798612E1654BB1B00DD5E11 /* BigNumber.m */ = {isa = PBXFileReference; fileEncoding = 4; lastKnownFileType = sourcecode.c.objc; name = BigNumber.m; path = GTest/BigNumber.m; sourceTree = "<group>"; };
		479861301654BEC000DD5E11 /* EUSDK.h */ = {isa = PBXFileReference; lastKnownFileType = sourcecode.c.h; name = EUSDK.h; path = GTest/EUSDK.h; sourceTree = "<group>"; };
		47B1919616633E0D0094B8EC /* Problem12.h */ = {isa = PBXFileReference; fileEncoding = 4; lastKnownFileType = sourcecode.c.h; name = Problem12.h; path = GTest/Problem12.h; sourceTree = "<group>"; };
		47B1919716633E0D0094B8EC /* Problem12.m */ = {isa = PBXFileReference; fileEncoding = 4; lastKnownFileType = sourcecode.c.objc; name = Problem12.m; path = GTest/Problem12.m; sourceTree = "<group>"; };
		47B19234166345A30094B8EC /* SenTestingKit.framework */ = {isa = PBXFileReference; lastKnownFileType = wrapper.framework; name = SenTestingKit.framework; path = Library/Frameworks/SenTestingKit.framework; sourceTree = DEVELOPER_DIR; };
		47B19252166348A50094B8EC /* UnitTests.octest */ = {isa = PBXFileReference; explicitFileType = wrapper.cfbundle; includeInIndex = 0; path = UnitTests.octest; sourceTree = BUILT_PRODUCTS_DIR; };
		47B19257166348A50094B8EC /* UnitTests-Info.plist */ = {isa = PBXFileReference; lastKnownFileType = text.plist.xml; path = "UnitTests-Info.plist"; sourceTree = "<group>"; };
		47B19259166348A50094B8EC /* en */ = {isa = PBXFileReference; lastKnownFileType = text.plist.strings; name = en; path = en.lproj/InfoPlist.strings; sourceTree = "<group>"; };
		47B1925B166348A50094B8EC /* UnitTests.h */ = {isa = PBXFileReference; lastKnownFileType = sourcecode.c.h; path = UnitTests.h; sourceTree = "<group>"; };
		47B1925C166348A50094B8EC /* UnitTests.m */ = {isa = PBXFileReference; lastKnownFileType = sourcecode.c.objc; path = UnitTests.m; sourceTree = "<group>"; };
		47B1925E166348A50094B8EC /* UnitTests-Prefix.pch */ = {isa = PBXFileReference; lastKnownFileType = sourcecode.c.h; path = "UnitTests-Prefix.pch"; sourceTree = "<group>"; };
		47B19276166349530094B8EC /* Problem12Test.h */ = {isa = PBXFileReference; fileEncoding = 4; lastKnownFileType = sourcecode.c.h; path = Problem12Test.h; sourceTree = "<group>"; };
		47B19277166349530094B8EC /* Problem12Test.m */ = {isa = PBXFileReference; fileEncoding = 4; lastKnownFileType = sourcecode.c.objc; path = Problem12Test.m; sourceTree = "<group>"; };
		47BA2ED81646A6CE004684BD /* GTest */ = {isa = PBXFileReference; explicitFileType = "compiled.mach-o.executable"; includeInIndex = 0; path = GTest; sourceTree = BUILT_PRODUCTS_DIR; };
		47BA2EDC1646A6CE004684BD /* Foundation.framework */ = {isa = PBXFileReference; lastKnownFileType = wrapper.framework; name = Foundation.framework; path = System/Library/Frameworks/Foundation.framework; sourceTree = SDKROOT; };
		47BA2EDF1646A6CE004684BD /* main.m */ = {isa = PBXFileReference; lastKnownFileType = sourcecode.c.objc; path = main.m; sourceTree = "<group>"; };
		47BA2EE21646A6CE004684BD /* GTest-Prefix.pch */ = {isa = PBXFileReference; lastKnownFileType = sourcecode.c.h; path = "GTest-Prefix.pch"; sourceTree = "<group>"; };
		47BA2EE31646A6CE004684BD /* GTest.1 */ = {isa = PBXFileReference; lastKnownFileType = text.man; path = GTest.1; sourceTree = "<group>"; };
		47BA7092165CCB230086636D /* Problem5.h */ = {isa = PBXFileReference; fileEncoding = 4; lastKnownFileType = sourcecode.c.h; name = Problem5.h; path = GTest/Problem5.h; sourceTree = "<group>"; };
		47BA7093165CCB230086636D /* Problem5.m */ = {isa = PBXFileReference; fileEncoding = 4; lastKnownFileType = sourcecode.c.objc; name = Problem5.m; path = GTest/Problem5.m; sourceTree = "<group>"; };
		47CC7455165DF23A0095DC2D /* Problem6.h */ = {isa = PBXFileReference; fileEncoding = 4; lastKnownFileType = sourcecode.c.h; name = Problem6.h; path = GTest/Problem6.h; sourceTree = "<group>"; };
		47CC7456165DF23A0095DC2D /* Problem6.m */ = {isa = PBXFileReference; fileEncoding = 4; lastKnownFileType = sourcecode.c.objc; name = Problem6.m; path = GTest/Problem6.m; sourceTree = "<group>"; };
		47CC7459165DF6580095DC2D /* Problem3.h */ = {isa = PBXFileReference; fileEncoding = 4; lastKnownFileType = sourcecode.c.h; name = Problem3.h; path = GTest/Problem3.h; sourceTree = "<group>"; };
		47CC745A165DF6580095DC2D /* Problem3.m */ = {isa = PBXFileReference; fileEncoding = 4; lastKnownFileType = sourcecode.c.objc; name = Problem3.m; path = GTest/Problem3.m; sourceTree = "<group>"; };
		47E1156E165E81A700D292AD /* Problem7.h */ = {isa = PBXFileReference; fileEncoding = 4; lastKnownFileType = sourcecode.c.h; name = Problem7.h; path = GTest/Problem7.h; sourceTree = "<group>"; };
		47E1156F165E81A700D292AD /* Problem7.m */ = {isa = PBXFileReference; fileEncoding = 4; lastKnownFileType = sourcecode.c.objc; name = Problem7.m; path = GTest/Problem7.m; sourceTree = "<group>"; };
		47E11572165E8EA800D292AD /* EUSieve.h */ = {isa = PBXFileReference; fileEncoding = 4; lastKnownFileType = sourcecode.c.h; name = EUSieve.h; path = GTest/EUSieve.h; sourceTree = "<group>"; };
		47E11573165E8EA800D292AD /* EUSieve.m */ = {isa = PBXFileReference; fileEncoding = 4; lastKnownFileType = sourcecode.c.objc; name = EUSieve.m; path = GTest/EUSieve.m; sourceTree = "<group>"; };
		47E11575165E906800D292AD /* Problem8.h */ = {isa = PBXFileReference; fileEncoding = 4; lastKnownFileType = sourcecode.c.h; name = Problem8.h; path = GTest/Problem8.h; sourceTree = "<group>"; };
		47E11576165E906800D292AD /* Problem8.m */ = {isa = PBXFileReference; fileEncoding = 4; lastKnownFileType = sourcecode.c.objc; name = Problem8.m; path = GTest/Problem8.m; sourceTree = "<group>"; };
		47E529E61667414900A5CA6B /* Problem15.h */ = {isa = PBXFileReference; fileEncoding = 4; lastKnownFileType = sourcecode.c.h; name = Problem15.h; path = GTest/Problem15.h; sourceTree = "<group>"; };
		47E529E71667414900A5CA6B /* Problem15.m */ = {isa = PBXFileReference; fileEncoding = 4; lastKnownFileType = sourcecode.c.objc; name = Problem15.m; path = GTest/Problem15.m; sourceTree = "<group>"; };
		47E529EC16675A6400A5CA6B /* Problem15Test.h */ = {isa = PBXFileReference; fileEncoding = 4; lastKnownFileType = sourcecode.c.h; path = Problem15Test.h; sourceTree = "<group>"; };
		47E529ED16675A6400A5CA6B /* Problem15Test.m */ = {isa = PBXFileReference; fileEncoding = 4; lastKnownFileType = sourcecode.c.objc; path = Problem15Test.m; sourceTree = "<group>"; };
		47E529EF16675D4F00A5CA6B /* Problem14.h */ = {isa = PBXFileReference; fileEncoding = 4; lastKnownFileType = sourcecode.c.h; name = Problem14.h; path = GTest/Problem14.h; sourceTree = "<group>"; };
		47E529F016675D4F00A5CA6B /* Problem14.m */ = {isa = PBXFileReference; fileEncoding = 4; lastKnownFileType = sourcecode.c.objc; name = Problem14.m; path = GTest/Problem14.m; sourceTree = "<group>"; };
		47E529F416675D7C00A5CA6B /* Problem14Test.h */ = {isa = PBXFileReference; fileEncoding = 4; lastKnownFileType = sourcecode.c.h; path = Problem14Test.h; sourceTree = "<group>"; };
		47E529F516675D7C00A5CA6B /* Problem14Test.m */ = {isa = PBXFileReference; fileEncoding = 4; lastKnownFileType = sourcecode.c.objc; path = Problem14Test.m; sourceTree = "<group>"; };
/* End PBXFileReference section */

/* Begin PBXFrameworksBuildPhase section */
		4759FE2F1660C05F0030C1AE /* Frameworks */ = {
			isa = PBXFrameworksBuildPhase;
			buildActionMask = 2147483647;
			files = (
				4759FE351660C05F0030C1AE /* Cocoa.framework in Frameworks */,
			);
			runOnlyForDeploymentPostprocessing = 0;
		};
		47B1924E166348A50094B8EC /* Frameworks */ = {
			isa = PBXFrameworksBuildPhase;
			buildActionMask = 2147483647;
			files = (
				47B19253166348A50094B8EC /* SenTestingKit.framework in Frameworks */,
				47B19254166348A50094B8EC /* Cocoa.framework in Frameworks */,
			);
			runOnlyForDeploymentPostprocessing = 0;
		};
		47BA2ED51646A6CE004684BD /* Frameworks */ = {
			isa = PBXFrameworksBuildPhase;
			buildActionMask = 2147483647;
			files = (
				47BA2EDD1646A6CE004684BD /* Foundation.framework in Frameworks */,
			);
			runOnlyForDeploymentPostprocessing = 0;
		};
/* End PBXFrameworksBuildPhase section */

/* Begin PBXGroup section */
		4759FE2A1660B79D0030C1AE /* UI */ = {
			isa = PBXGroup;
			children = (
				4759FE2B1660B7C00030C1AE /* EULogger.h */,
				4759FE2C1660B7C00030C1AE /* EULogger.m */,
			);
			name = UI;
			sourceTree = "<group>";
		};
		4759FE361660C05F0030C1AE /* Other Frameworks */ = {
			isa = PBXGroup;
			children = (
				4759FE371660C05F0030C1AE /* AppKit.framework */,
				4759FE381660C05F0030C1AE /* CoreData.framework */,
				4759FE391660C05F0030C1AE /* Foundation.framework */,
			);
			name = "Other Frameworks";
			sourceTree = "<group>";
		};
		4759FE3A1660C05F0030C1AE /* GTest2 */ = {
			isa = PBXGroup;
			children = (
				4759FE461660C05F0030C1AE /* AppDelegate.h */,
				4759FE471660C05F0030C1AE /* AppDelegate.m */,
				4759FE491660C0600030C1AE /* MainMenu.xib */,
				4759FE3B1660C05F0030C1AE /* Supporting Files */,
			);
			path = GTest2;
			sourceTree = "<group>";
		};
		4759FE3B1660C05F0030C1AE /* Supporting Files */ = {
			isa = PBXGroup;
			children = (
				4759FE3C1660C05F0030C1AE /* GTest2-Info.plist */,
				4759FE3D1660C05F0030C1AE /* InfoPlist.strings */,
				4759FE401660C05F0030C1AE /* main.m */,
				4759FE421660C05F0030C1AE /* GTest2-Prefix.pch */,
				4759FE431660C05F0030C1AE /* Credits.rtf */,
			);
			name = "Supporting Files";
			sourceTree = "<group>";
		};
		479860D1165360C100DD5E11 /* model */ = {
			isa = PBXGroup;
			children = (
				47224ADD164F63E300A0C348 /* LinkedList.h */,
				47224ADE164F63E300A0C348 /* LinkedList.m */,
				4798612D1654BB1B00DD5E11 /* BigNumber.h */,
				4798612E1654BB1B00DD5E11 /* BigNumber.m */,
				4707A85B165561800093FE87 /* NSArray_ext.h */,
				4707A85C165561800093FE87 /* NSArray_ext.m */,
				47E11572165E8EA800D292AD /* EUSieve.h */,
				47E11573165E8EA800D292AD /* EUSieve.m */,
			);
			name = model;
			sourceTree = "<group>";
		};
		479860D2165360CD00DD5E11 /* Problems */ = {
			isa = PBXGroup;
			children = (
				479861301654BEC000DD5E11 /* EUSDK.h */,
				479860CA16535E1D00DD5E11 /* EUProblem.h */,
				479860CB16535E1D00DD5E11 /* EUProblem.m */,
				479860D4165360FA00DD5E11 /* 1-10 */,
				479860D51653610400DD5E11 /* 11-20 */,
				479860D3165360E200DD5E11 /* 21-29 */,
			);
			name = Problems;
			sourceTree = "<group>";
		};
		479860D3165360E200DD5E11 /* 21-29 */ = {
			isa = PBXGroup;
			children = (
			);
			name = "21-29";
			sourceTree = "<group>";
		};
		479860D4165360FA00DD5E11 /* 1-10 */ = {
			isa = PBXGroup;
			children = (
				4707A857165560CC0093FE87 /* Problem1.h */,
				4707A858165560CC0093FE87 /* Problem1.m */,
				4707A85E16560F220093FE87 /* Problem2.h */,
				4707A85F16560F220093FE87 /* Problem2.m */,
				47CC7459165DF6580095DC2D /* Problem3.h */,
				47CC745A165DF6580095DC2D /* Problem3.m */,
				477F42391658DEBA0087F733 /* Problem4.h */,
				477F423A1658DEBA0087F733 /* Problem4.m */,
				47BA7092165CCB230086636D /* Problem5.h */,
				47BA7093165CCB230086636D /* Problem5.m */,
				47CC7455165DF23A0095DC2D /* Problem6.h */,
				47CC7456165DF23A0095DC2D /* Problem6.m */,
				47E1156E165E81A700D292AD /* Problem7.h */,
				47E1156F165E81A700D292AD /* Problem7.m */,
				47E11575165E906800D292AD /* Problem8.h */,
				47E11576165E906800D292AD /* Problem8.m */,
				47542539165F6E310043D826 /* Problem9.h */,
				4754253A165F6E310043D826 /* Problem9.m */,
				4759FE131660A6D60030C1AE /* Problem10.h */,
				4759FE141660A6D60030C1AE /* Problem10.m */,
			);
			name = "1-10";
			sourceTree = "<group>";
		};
		479860D51653610400DD5E11 /* 11-20 */ = {
			isa = PBXGroup;
			children = (
				4774DF301662048B00F2BCFA /* Problem11.h */,
				4774DF311662048B00F2BCFA /* Problem11.m */,
				47B1919616633E0D0094B8EC /* Problem12.h */,
				47B1919716633E0D0094B8EC /* Problem12.m */,
				4713EF1A16646DD7006D4A4D /* Problem13.h */,
				4713EF1B16646DD7006D4A4D /* Problem13.m */,
				47E529EF16675D4F00A5CA6B /* Problem14.h */,
				47E529F016675D4F00A5CA6B /* Problem14.m */,
				47E529E61667414900A5CA6B /* Problem15.h */,
				47E529E71667414900A5CA6B /* Problem15.m */,
				479861291654BAAA00DD5E11 /* Problem16.h */,
				4798612A1654BAAA00DD5E11 /* Problem16.m */,
				479860CE16535E3600DD5E11 /* Problem20.h */,
				479860CF16535E3600DD5E11 /* Problem20.m */,
			);
			name = "11-20";
			sourceTree = "<group>";
		};
		47B19255166348A50094B8EC /* UnitTests */ = {
			isa = PBXGroup;
			children = (
				47B19276166349530094B8EC /* Problem12Test.h */,
				47B19277166349530094B8EC /* Problem12Test.m */,
				47E529F416675D7C00A5CA6B /* Problem14Test.h */,
				47E529F516675D7C00A5CA6B /* Problem14Test.m */,
				47E529EC16675A6400A5CA6B /* Problem15Test.h */,
				47E529ED16675A6400A5CA6B /* Problem15Test.m */,
				4713EF2016646E82006D4A4D /* BigNumberTest.h */,
				4713EF2116646E82006D4A4D /* BigNumberTest.m */,
				47B1925B166348A50094B8EC /* UnitTests.h */,
				47B1925C166348A50094B8EC /* UnitTests.m */,
				47B19256166348A50094B8EC /* Supporting Files */,
			);
			path = UnitTests;
			sourceTree = "<group>";
		};
		47B19256166348A50094B8EC /* Supporting Files */ = {
			isa = PBXGroup;
			children = (
				47B19257166348A50094B8EC /* UnitTests-Info.plist */,
				47B19258166348A50094B8EC /* InfoPlist.strings */,
				47B1925E166348A50094B8EC /* UnitTests-Prefix.pch */,
			);
			name = "Supporting Files";
			sourceTree = "<group>";
		};
		47BA2ECD1646A6CE004684BD = {
			isa = PBXGroup;
			children = (
				4707A862165619E40093FE87 /* appledeveloper.png */,
				4707A861165617330093FE87 /* README.md */,
				4759FE2A1660B79D0030C1AE /* UI */,
				479860D2165360CD00DD5E11 /* Problems */,
				479860D1165360C100DD5E11 /* model */,
				47BA2EDE1646A6CE004684BD /* GTest */,
				4759FE3A1660C05F0030C1AE /* GTest2 */,
				47B19255166348A50094B8EC /* UnitTests */,
				47BA2EDB1646A6CE004684BD /* Frameworks */,
				47BA2ED91646A6CE004684BD /* Products */,
			);
			sourceTree = "<group>";
		};
		47BA2ED91646A6CE004684BD /* Products */ = {
			isa = PBXGroup;
			children = (
				47BA2ED81646A6CE004684BD /* GTest */,
				4759FE321660C05F0030C1AE /* GTest2.app */,
				47B19252166348A50094B8EC /* UnitTests.octest */,
			);
			name = Products;
			sourceTree = "<group>";
		};
		47BA2EDB1646A6CE004684BD /* Frameworks */ = {
			isa = PBXGroup;
			children = (
				47B19234166345A30094B8EC /* SenTestingKit.framework */,
				47BA2EDC1646A6CE004684BD /* Foundation.framework */,
				4759FE341660C05F0030C1AE /* Cocoa.framework */,
				4759FE361660C05F0030C1AE /* Other Frameworks */,
			);
			name = Frameworks;
			sourceTree = "<group>";
		};
		47BA2EDE1646A6CE004684BD /* GTest */ = {
			isa = PBXGroup;
			children = (
				47BA2EDF1646A6CE004684BD /* main.m */,
				47BA2EE31646A6CE004684BD /* GTest.1 */,
				47BA2EE11646A6CE004684BD /* Supporting Files */,
			);
			path = GTest;
			sourceTree = "<group>";
		};
		47BA2EE11646A6CE004684BD /* Supporting Files */ = {
			isa = PBXGroup;
			children = (
				47BA2EE21646A6CE004684BD /* GTest-Prefix.pch */,
			);
			name = "Supporting Files";
			sourceTree = "<group>";
		};
/* End PBXGroup section */

/* Begin PBXNativeTarget section */
		4759FE311660C05F0030C1AE /* GTest2 */ = {
			isa = PBXNativeTarget;
			buildConfigurationList = 4759FE4C1660C0600030C1AE /* Build configuration list for PBXNativeTarget "GTest2" */;
			buildPhases = (
				4759FE2E1660C05F0030C1AE /* Sources */,
				4759FE2F1660C05F0030C1AE /* Frameworks */,
				4759FE301660C05F0030C1AE /* Resources */,
			);
			buildRules = (
			);
			dependencies = (
			);
			name = GTest2;
			productName = GTest2;
			productReference = 4759FE321660C05F0030C1AE /* GTest2.app */;
			productType = "com.apple.product-type.application";
		};
		47B19251166348A50094B8EC /* UnitTests */ = {
			isa = PBXNativeTarget;
			buildConfigurationList = 47B1925F166348A50094B8EC /* Build configuration list for PBXNativeTarget "UnitTests" */;
			buildPhases = (
				47B1924D166348A50094B8EC /* Sources */,
				47B1924E166348A50094B8EC /* Frameworks */,
				47B1924F166348A50094B8EC /* Resources */,
				47B19250166348A50094B8EC /* ShellScript */,
			);
			buildRules = (
			);
			dependencies = (
			);
			name = UnitTests;
			productName = UnitTests;
			productReference = 47B19252166348A50094B8EC /* UnitTests.octest */;
			productType = "com.apple.product-type.bundle";
		};
		47BA2ED71646A6CE004684BD /* GTest */ = {
			isa = PBXNativeTarget;
			buildConfigurationList = 47BA2EE71646A6CE004684BD /* Build configuration list for PBXNativeTarget "GTest" */;
			buildPhases = (
				47BA2ED41646A6CE004684BD /* Sources */,
				47BA2ED51646A6CE004684BD /* Frameworks */,
				47BA2ED61646A6CE004684BD /* Copy Files */,
				4707A86416561A630093FE87 /* ShellScript */,
			);
			buildRules = (
			);
			dependencies = (
			);
			name = GTest;
			productName = GTest;
			productReference = 47BA2ED81646A6CE004684BD /* GTest */;
			productType = "com.apple.product-type.tool";
		};
/* End PBXNativeTarget section */

/* Begin PBXProject section */
		47BA2ECF1646A6CE004684BD /* Project object */ = {
			isa = PBXProject;
			attributes = {
				LastUpgradeCheck = 0450;
				ORGANIZATIONNAME = "Constantine Fry";
			};
			buildConfigurationList = 47BA2ED21646A6CE004684BD /* Build configuration list for PBXProject "GTest" */;
			compatibilityVersion = "Xcode 3.2";
			developmentRegion = English;
			hasScannedForEncodings = 0;
			knownRegions = (
				en,
			);
			mainGroup = 47BA2ECD1646A6CE004684BD;
			productRefGroup = 47BA2ED91646A6CE004684BD /* Products */;
			projectDirPath = "";
			projectRoot = "";
			targets = (
				47BA2ED71646A6CE004684BD /* GTest */,
				4759FE311660C05F0030C1AE /* GTest2 */,
				47B19251166348A50094B8EC /* UnitTests */,
			);
		};
/* End PBXProject section */

/* Begin PBXResourcesBuildPhase section */
		4759FE301660C05F0030C1AE /* Resources */ = {
			isa = PBXResourcesBuildPhase;
			buildActionMask = 2147483647;
			files = (
				4759FE3F1660C05F0030C1AE /* InfoPlist.strings in Resources */,
				4759FE451660C05F0030C1AE /* Credits.rtf in Resources */,
				4759FE4B1660C0600030C1AE /* MainMenu.xib in Resources */,
			);
			runOnlyForDeploymentPostprocessing = 0;
		};
		47B1924F166348A50094B8EC /* Resources */ = {
			isa = PBXResourcesBuildPhase;
			buildActionMask = 2147483647;
			files = (
				47B1925A166348A50094B8EC /* InfoPlist.strings in Resources */,
			);
			runOnlyForDeploymentPostprocessing = 0;
		};
/* End PBXResourcesBuildPhase section */

/* Begin PBXShellScriptBuildPhase section */
		4707A86416561A630093FE87 /* ShellScript */ = {
			isa = PBXShellScriptBuildPhase;
			buildActionMask = 2147483647;
			files = (
			);
			inputPaths = (
			);
			outputPaths = (
			);
			runOnlyForDeploymentPostprocessing = 0;
			shellPath = /bin/sh;
			shellScript = "";
		};
		47B19250166348A50094B8EC /* ShellScript */ = {
			isa = PBXShellScriptBuildPhase;
			buildActionMask = 2147483647;
			files = (
			);
			inputPaths = (
			);
			outputPaths = (
			);
			runOnlyForDeploymentPostprocessing = 0;
			shellPath = /bin/sh;
			shellScript = "# Run the unit tests in this test bundle.\n\"${SYSTEM_DEVELOPER_DIR}/Tools/RunUnitTests\"\n";
		};
/* End PBXShellScriptBuildPhase section */

/* Begin PBXSourcesBuildPhase section */
		4759FE2E1660C05F0030C1AE /* Sources */ = {
			isa = PBXSourcesBuildPhase;
			buildActionMask = 2147483647;
			files = (
				4759FE411660C05F0030C1AE /* main.m in Sources */,
				4759FE481660C05F0030C1AE /* AppDelegate.m in Sources */,
				4759FE7C1660C66A0030C1AE /* EULogger.m in Sources */,
				4759FE7D1660C6810030C1AE /* Problem1.m in Sources */,
				4759FE7E1660C6810030C1AE /* Problem2.m in Sources */,
				4759FE7F1660C6810030C1AE /* Problem3.m in Sources */,
				4759FE801660C6810030C1AE /* Problem4.m in Sources */,
				4759FE811660C6810030C1AE /* Problem5.m in Sources */,
				4759FE821660C6810030C1AE /* Problem6.m in Sources */,
				4759FE831660C6810030C1AE /* Problem7.m in Sources */,
				4759FE841660C6810030C1AE /* Problem8.m in Sources */,
				4759FE851660C6810030C1AE /* Problem9.m in Sources */,
				4759FE861660C6810030C1AE /* Problem10.m in Sources */,
				4759FE871660C6840030C1AE /* EUProblem.m in Sources */,
				4759FE881660C6870030C1AE /* Problem16.m in Sources */,
				4759FE891660C6870030C1AE /* Problem20.m in Sources */,
				4759FE8A1660C68C0030C1AE /* LinkedList.m in Sources */,
				4759FE8B1660C68C0030C1AE /* BigNumber.m in Sources */,
				4759FE8C1660C68C0030C1AE /* NSArray_ext.m in Sources */,
				4759FE8D1660C68C0030C1AE /* EUSieve.m in Sources */,
				4774DF34166205A600F2BCFA /* Problem11.m in Sources */,
				47B1919A16633E140094B8EC /* Problem12.m in Sources */,
				4713EF1D16646DD7006D4A4D /* Problem13.m in Sources */,
				47E529E91667414900A5CA6B /* Problem15.m in Sources */,
				47E529F216675D5000A5CA6B /* Problem14.m in Sources */,
			);
			runOnlyForDeploymentPostprocessing = 0;
		};
		47B1924D166348A50094B8EC /* Sources */ = {
			isa = PBXSourcesBuildPhase;
			buildActionMask = 2147483647;
			files = (
				47B1925D166348A50094B8EC /* UnitTests.m in Sources */,
				47B19262166349070094B8EC /* Problem1.m in Sources */,
				47B19263166349070094B8EC /* Problem2.m in Sources */,
				47B19264166349070094B8EC /* Problem3.m in Sources */,
				47B19265166349070094B8EC /* Problem4.m in Sources */,
				47B19266166349070094B8EC /* Problem5.m in Sources */,
				47B19267166349070094B8EC /* Problem6.m in Sources */,
				47B19268166349070094B8EC /* Problem7.m in Sources */,
				47B19269166349070094B8EC /* Problem8.m in Sources */,
				47B1926A166349070094B8EC /* Problem9.m in Sources */,
				47B1926B166349070094B8EC /* Problem10.m in Sources */,
				47B1926C1663490A0094B8EC /* EUProblem.m in Sources */,
				47B1926D1663490D0094B8EC /* EULogger.m in Sources */,
				47B1926E166349100094B8EC /* Problem11.m in Sources */,
				47B1926F166349100094B8EC /* Problem12.m in Sources */,
				47B19270166349100094B8EC /* Problem16.m in Sources */,
				47B19271166349100094B8EC /* Problem20.m in Sources */,
				47B19272166349130094B8EC /* LinkedList.m in Sources */,
				47B19273166349130094B8EC /* BigNumber.m in Sources */,
				47B19274166349130094B8EC /* NSArray_ext.m in Sources */,
				47B19275166349130094B8EC /* EUSieve.m in Sources */,
				47B19278166349530094B8EC /* Problem12Test.m in Sources */,
				4713EF1E16646DD7006D4A4D /* Problem13.m in Sources */,
				4713EF2416646E82006D4A4D /* BigNumberTest.m in Sources */,
				47E529EA1667414900A5CA6B /* Problem15.m in Sources */,
				47E529EE16675A6400A5CA6B /* Problem15Test.m in Sources */,
				47E529F316675D5000A5CA6B /* Problem14.m in Sources */,
				47E529F616675D7C00A5CA6B /* Problem14Test.m in Sources */,
			);
			runOnlyForDeploymentPostprocessing = 0;
		};
		47BA2ED41646A6CE004684BD /* Sources */ = {
			isa = PBXSourcesBuildPhase;
			buildActionMask = 2147483647;
			files = (
				47BA2EE01646A6CE004684BD /* main.m in Sources */,
				47224ADF164F63E300A0C348 /* LinkedList.m in Sources */,
				479860CC16535E1D00DD5E11 /* EUProblem.m in Sources */,
				479860D016535E3600DD5E11 /* Problem20.m in Sources */,
				4798612B1654BAAA00DD5E11 /* Problem16.m in Sources */,
				4798612F1654BB1B00DD5E11 /* BigNumber.m in Sources */,
				4707A859165560CC0093FE87 /* Problem1.m in Sources */,
				4707A85D165561800093FE87 /* NSArray_ext.m in Sources */,
				4707A86016560F220093FE87 /* Problem2.m in Sources */,
				477F423B1658DEBA0087F733 /* Problem4.m in Sources */,
				47BA7094165CCB230086636D /* Problem5.m in Sources */,
				47CC7457165DF23A0095DC2D /* Problem6.m in Sources */,
				47CC745B165DF6580095DC2D /* Problem3.m in Sources */,
				47E11570165E81A700D292AD /* Problem7.m in Sources */,
				47E11574165E8EA800D292AD /* EUSieve.m in Sources */,
				47E11577165E906800D292AD /* Problem8.m in Sources */,
				4754253B165F6E310043D826 /* Problem9.m in Sources */,
				4759FE151660A6D60030C1AE /* Problem10.m in Sources */,
				4759FE2D1660B7C00030C1AE /* EULogger.m in Sources */,
				4774DF321662048B00F2BCFA /* Problem11.m in Sources */,
				47B1919816633E0D0094B8EC /* Problem12.m in Sources */,
				4713EF1C16646DD7006D4A4D /* Problem13.m in Sources */,
				47E529E81667414900A5CA6B /* Problem15.m in Sources */,
				47E529F116675D5000A5CA6B /* Problem14.m in Sources */,
			);
			runOnlyForDeploymentPostprocessing = 0;
		};
/* End PBXSourcesBuildPhase section */

/* Begin PBXVariantGroup section */
		4759FE3D1660C05F0030C1AE /* InfoPlist.strings */ = {
			isa = PBXVariantGroup;
			children = (
				4759FE3E1660C05F0030C1AE /* en */,
			);
			name = InfoPlist.strings;
			sourceTree = "<group>";
		};
		4759FE431660C05F0030C1AE /* Credits.rtf */ = {
			isa = PBXVariantGroup;
			children = (
				4759FE441660C05F0030C1AE /* en */,
			);
			name = Credits.rtf;
			sourceTree = "<group>";
		};
		4759FE491660C0600030C1AE /* MainMenu.xib */ = {
			isa = PBXVariantGroup;
			children = (
				4759FE4A1660C0600030C1AE /* en */,
			);
			name = MainMenu.xib;
			sourceTree = "<group>";
		};
		47B19258166348A50094B8EC /* InfoPlist.strings */ = {
			isa = PBXVariantGroup;
			children = (
				47B19259166348A50094B8EC /* en */,
			);
			name = InfoPlist.strings;
			sourceTree = "<group>";
		};
/* End PBXVariantGroup section */

/* Begin XCBuildConfiguration section */
		4759FE4D1660C0600030C1AE /* Debug */ = {
			isa = XCBuildConfiguration;
			buildSettings = {
				COMBINE_HIDPI_IMAGES = YES;
				GCC_PRECOMPILE_PREFIX_HEADER = YES;
				GCC_PREFIX_HEADER = "GTest2/GTest2-Prefix.pch";
				INFOPLIST_FILE = "GTest2/GTest2-Info.plist";
				PRODUCT_NAME = "$(TARGET_NAME)";
				WRAPPER_EXTENSION = app;
			};
			name = Debug;
		};
		4759FE4E1660C0600030C1AE /* Release */ = {
			isa = XCBuildConfiguration;
			buildSettings = {
				COMBINE_HIDPI_IMAGES = YES;
				GCC_PRECOMPILE_PREFIX_HEADER = YES;
				GCC_PREFIX_HEADER = "GTest2/GTest2-Prefix.pch";
				INFOPLIST_FILE = "GTest2/GTest2-Info.plist";
				PRODUCT_NAME = "$(TARGET_NAME)";
				WRAPPER_EXTENSION = app;
			};
			name = Release;
		};
		47B19260166348A50094B8EC /* Debug */ = {
			isa = XCBuildConfiguration;
			buildSettings = {
				COMBINE_HIDPI_IMAGES = YES;
				FRAMEWORK_SEARCH_PATHS = "\"$(DEVELOPER_LIBRARY_DIR)/Frameworks\"";
				GCC_PRECOMPILE_PREFIX_HEADER = YES;
				GCC_PREFIX_HEADER = "UnitTests/UnitTests-Prefix.pch";
				INFOPLIST_FILE = "UnitTests/UnitTests-Info.plist";
				PRODUCT_NAME = "$(TARGET_NAME)";
				WRAPPER_EXTENSION = octest;
			};
			name = Debug;
		};
		47B19261166348A50094B8EC /* Release */ = {
			isa = XCBuildConfiguration;
			buildSettings = {
				COMBINE_HIDPI_IMAGES = YES;
				FRAMEWORK_SEARCH_PATHS = "\"$(DEVELOPER_LIBRARY_DIR)/Frameworks\"";
				GCC_PRECOMPILE_PREFIX_HEADER = YES;
				GCC_PREFIX_HEADER = "UnitTests/UnitTests-Prefix.pch";
				INFOPLIST_FILE = "UnitTests/UnitTests-Info.plist";
				PRODUCT_NAME = "$(TARGET_NAME)";
				WRAPPER_EXTENSION = octest;
			};
			name = Release;
		};
		47BA2EE51646A6CE004684BD /* Debug */ = {
			isa = XCBuildConfiguration;
			buildSettings = {
				ALWAYS_SEARCH_USER_PATHS = NO;
				ARCHS = "$(ARCHS_STANDARD_64_BIT)";
				CLANG_CXX_LANGUAGE_STANDARD = "gnu++0x";
				CLANG_CXX_LIBRARY = "libc++";
				CLANG_ENABLE_OBJC_ARC = YES;
				CLANG_WARN_EMPTY_BODY = YES;
				CLANG_WARN__DUPLICATE_METHOD_MATCH = YES;
				COPY_PHASE_STRIP = NO;
				GCC_C_LANGUAGE_STANDARD = gnu99;
				GCC_DYNAMIC_NO_PIC = NO;
				GCC_ENABLE_OBJC_EXCEPTIONS = YES;
				GCC_OPTIMIZATION_LEVEL = 0;
				GCC_PREPROCESSOR_DEFINITIONS = (
					"DEBUG=1",
					"$(inherited)",
				);
				GCC_SYMBOLS_PRIVATE_EXTERN = NO;
				GCC_WARN_64_TO_32_BIT_CONVERSION = YES;
				GCC_WARN_ABOUT_RETURN_TYPE = YES;
				GCC_WARN_UNINITIALIZED_AUTOS = YES;
				GCC_WARN_UNUSED_VARIABLE = YES;
				MACOSX_DEPLOYMENT_TARGET = 10.8;
				ONLY_ACTIVE_ARCH = YES;
				SDKROOT = macosx;
			};
			name = Debug;
		};
		47BA2EE61646A6CE004684BD /* Release */ = {
			isa = XCBuildConfiguration;
			buildSettings = {
				ALWAYS_SEARCH_USER_PATHS = NO;
				ARCHS = "$(ARCHS_STANDARD_64_BIT)";
				CLANG_CXX_LANGUAGE_STANDARD = "gnu++0x";
				CLANG_CXX_LIBRARY = "libc++";
				CLANG_ENABLE_OBJC_ARC = YES;
				CLANG_WARN_EMPTY_BODY = YES;
				CLANG_WARN__DUPLICATE_METHOD_MATCH = YES;
				COPY_PHASE_STRIP = YES;
				DEBUG_INFORMATION_FORMAT = "dwarf-with-dsym";
				GCC_C_LANGUAGE_STANDARD = gnu99;
				GCC_ENABLE_OBJC_EXCEPTIONS = YES;
				GCC_WARN_64_TO_32_BIT_CONVERSION = YES;
				GCC_WARN_ABOUT_RETURN_TYPE = YES;
				GCC_WARN_UNINITIALIZED_AUTOS = YES;
				GCC_WARN_UNUSED_VARIABLE = YES;
				MACOSX_DEPLOYMENT_TARGET = 10.8;
				SDKROOT = macosx;
			};
			name = Release;
		};
		47BA2EE81646A6CE004684BD /* Debug */ = {
			isa = XCBuildConfiguration;
			buildSettings = {
				GCC_PRECOMPILE_PREFIX_HEADER = YES;
				GCC_PREFIX_HEADER = "GTest/GTest-Prefix.pch";
				PRODUCT_NAME = "$(TARGET_NAME)";
			};
			name = Debug;
		};
		47BA2EE91646A6CE004684BD /* Release */ = {
			isa = XCBuildConfiguration;
			buildSettings = {
				GCC_PRECOMPILE_PREFIX_HEADER = YES;
				GCC_PREFIX_HEADER = "GTest/GTest-Prefix.pch";
				PRODUCT_NAME = "$(TARGET_NAME)";
			};
			name = Release;
		};
/* End XCBuildConfiguration section */

/* Begin XCConfigurationList section */
		4759FE4C1660C0600030C1AE /* Build configuration list for PBXNativeTarget "GTest2" */ = {
			isa = XCConfigurationList;
			buildConfigurations = (
				4759FE4D1660C0600030C1AE /* Debug */,
				4759FE4E1660C0600030C1AE /* Release */,
			);
			defaultConfigurationIsVisible = 0;
			defaultConfigurationName = Release;
		};
		47B1925F166348A50094B8EC /* Build configuration list for PBXNativeTarget "UnitTests" */ = {
			isa = XCConfigurationList;
			buildConfigurations = (
				47B19260166348A50094B8EC /* Debug */,
				47B19261166348A50094B8EC /* Release */,
			);
			defaultConfigurationIsVisible = 0;
			defaultConfigurationName = Release;
		};
		47BA2ED21646A6CE004684BD /* Build configuration list for PBXProject "GTest" */ = {
			isa = XCConfigurationList;
			buildConfigurations = (
				47BA2EE51646A6CE004684BD /* Debug */,
				47BA2EE61646A6CE004684BD /* Release */,
			);
			defaultConfigurationIsVisible = 0;
			defaultConfigurationName = Release;
		};
		47BA2EE71646A6CE004684BD /* Build configuration list for PBXNativeTarget "GTest" */ = {
			isa = XCConfigurationList;
			buildConfigurations = (
				47BA2EE81646A6CE004684BD /* Debug */,
				47BA2EE91646A6CE004684BD /* Release */,
			);
			defaultConfigurationIsVisible = 0;
			defaultConfigurationName = Release;
		};
/* End XCConfigurationList section */
	};
	rootObject = 47BA2ECF1646A6CE004684BD /* Project object */;
}
